
Microsoft Visual Studio Solution File, Format Version 12.00
# Visual Studio Version 17
VisualStudioVersion = 17.1.32407.343
MinimumVisualStudioVersion = 10.0.40219.1
Project("{FAE04EC0-301F-11D3-BF4B-00C04F79EFBC}") = "5", "5\5.csproj", "{696F5F1A-9A93-4826-8F19-BA3C99D89413}"
EndProject
Project("{FAE04EC0-301F-11D3-BF4B-00C04F79EFBC}") = "5.1", "5.1\5.1.csproj", "{273A4DF3-859F-4C86-826A-4EEC8BE10BFC}"
EndProject
Project("{FAE04EC0-301F-11D3-BF4B-00C04F79EFBC}") = "5.2", "5.2\5.2.csproj", "{80F445BB-4C35-426A-B36E-3DEB5C80A1BB}"
EndProject
Global
	GlobalSection(SolutionConfigurationPlatforms) = preSolution
		Debug|Any CPU = Debug|Any CPU
		Release|Any CPU = Release|Any CPU
	EndGlobalSection
	GlobalSection(ProjectConfigurationPlatforms) = postSolution
		{696F5F1A-9A93-4826-8F19-BA3C99D89413}.Debug|Any CPU.ActiveCfg = Debug|Any CPU
		{696F5F1A-9A93-4826-8F19-BA3C99D89413}.Debug|Any CPU.Build.0 = Debug|Any CPU
		{696F5F1A-9A93-4826-8F19-BA3C99D89413}.Release|Any CPU.ActiveCfg = Release|Any CPU
		{696F5F1A-9A93-4826-8F19-BA3C99D89413}.Release|Any CPU.Build.0 = Release|Any CPU
		{273A4DF3-859F-4C86-826A-4EEC8BE10BFC}.Debug|Any CPU.ActiveCfg = Debug|Any CPU
		{273A4DF3-859F-4C86-826A-4EEC8BE10BFC}.Debug|Any CPU.Build.0 = Debug|Any CPU
		{273A4DF3-859F-4C86-826A-4EEC8BE10BFC}.Release|Any CPU.ActiveCfg = Release|Any CPU
		{273A4DF3-859F-4C86-826A-4EEC8BE10BFC}.Release|Any CPU.Build.0 = Release|Any CPU
		{80F445BB-4C35-426A-B36E-3DEB5C80A1BB}.Debug|Any CPU.ActiveCfg = Debug|Any CPU
		{80F445BB-4C35-426A-B36E-3DEB5C80A1BB}.Debug|Any CPU.Build.0 = Debug|Any CPU
		{80F445BB-4C35-426A-B36E-3DEB5C80A1BB}.Release|Any CPU.ActiveCfg = Release|Any CPU
		{80F445BB-4C35-426A-B36E-3DEB5C80A1BB}.Release|Any CPU.Build.0 = Release|Any CPU
	EndGlobalSection
	GlobalSection(SolutionProperties) = preSolution
		HideSolutionNode = FALSE
	EndGlobalSection
	GlobalSection(ExtensibilityGlobals) = postSolution
		SolutionGuid = {B739F100-976B-42A7-A94F-CB0E07C74771}
	EndGlobalSection
EndGlobal
