
Microsoft Visual Studio Solution File, Format Version 12.00
# Visual Studio Version 17
VisualStudioVersion = 17.1.32407.343
MinimumVisualStudioVersion = 10.0.40219.1
Project("{FAE04EC0-301F-11D3-BF4B-00C04F79EFBC}") = "5", "5\5.csproj", "{696F5F1A-9A93-4826-8F19-BA3C99D89413}"
EndProject
Project("{FAE04EC0-301F-11D3-BF4B-00C04F79EFBC}") = "5.1", "5.1\5.1.csproj", "{273A4DF3-859F-4C86-826A-4EEC8BE10BFC}"
EndProject
Project("{FAE04EC0-301F-11D3-BF4B-00C04F79EFBC}") = "5.2", "5.2\5.2.csproj", "{80F445BB-4C35-426A-B36E-3DEB5C80A1BB}"
EndProject
Project("{FAE04EC0-301F-11D3-BF4B-00C04F79EFBC}") = "6", "6\6.csproj", "{ADD45A6A-955D-4FFD-ACD7-2D1B48DE2343}"
EndProject
Project("{FAE04EC0-301F-11D3-BF4B-00C04F79EFBC}") = "6.1", "6,1\6.1.csproj", "{F2829E15-CBAA-45E1-BFFE-2AC349C4355E}"
EndProject
Project("{FAE04EC0-301F-11D3-BF4B-00C04F79EFBC}") = "6.2", "6.2\6.2.csproj", "{C7F81EEF-4E6F-4E1A-AEA5-64DAC6EE6782}"
EndProject
Project("{FAE04EC0-301F-11D3-BF4B-00C04F79EFBC}") = "6.3", "6.3\6.3.csproj", "{C0F46992-4C0A-42A3-B77E-22F7184C5E09}"
EndProject
Project("{FAE04EC0-301F-11D3-BF4B-00C04F79EFBC}") = "7", "7\7.csproj", "{48E71217-FD3A-47BB-BCB7-9E816EC3AAA0}"
EndProject
Project("{FAE04EC0-301F-11D3-BF4B-00C04F79EFBC}") = "7.1", "7.1\7.1.csproj", "{8757EABB-D3D8-44BE-9AE3-04C88149C9EA}"
EndProject
Project("{FAE04EC0-301F-11D3-BF4B-00C04F79EFBC}") = "7.2", "7.2\7.2.csproj", "{0E810C8E-344B-4D1F-87CB-76BE2A0D696A}"
EndProject
Project("{FAE04EC0-301F-11D3-BF4B-00C04F79EFBC}") = "8", "8\8.csproj", "{BD429609-3B92-4DCB-8789-EDB219E6A25E}"
EndProject
Project("{FAE04EC0-301F-11D3-BF4B-00C04F79EFBC}") = "8.1", "ConsoleApp1\8.1.csproj", "{1FDC2122-8884-4150-964B-ED2242B4BAB3}"
EndProject
Project("{FAE04EC0-301F-11D3-BF4B-00C04F79EFBC}") = "8.2", "8.2\8.2.csproj", "{4792D4ED-8E0C-498E-821B-DA06A157F29F}"
EndProject
Project("{FAE04EC0-301F-11D3-BF4B-00C04F79EFBC}") = "9", "9\9.csproj", "{B86B3AA9-A65A-4E30-AC87-C2B9862882E6}"
EndProject
Project("{FAE04EC0-301F-11D3-BF4B-00C04F79EFBC}") = "9.1", "9.1\9.1.csproj", "{138BA77D-9A3D-4FD0-8587-F48C275EAD92}"
EndProject
Project("{FAE04EC0-301F-11D3-BF4B-00C04F79EFBC}") = "9.2", "9.2\9.2.csproj", "{20FDE8B2-17E2-46EB-A9B9-091377136AA8}"
EndProject
Project("{FAE04EC0-301F-11D3-BF4B-00C04F79EFBC}") = "10", "10\10.csproj", "{4B7F555A-8CF7-4F74-B2AA-7A2F413D51AF}"
EndProject
Project("{FAE04EC0-301F-11D3-BF4B-00C04F79EFBC}") = "10.1", "10.1\10.1.csproj", "{F310AC8D-6D3A-4CE8-A99F-DEABB42C60CB}"
EndProject
Project("{FAE04EC0-301F-11D3-BF4B-00C04F79EFBC}") = "10.2", "10.2\10.2.csproj", "{9246F825-EF04-4B2F-AE1C-3FE0FBFEB208}"
EndProject
Project("{FAE04EC0-301F-11D3-BF4B-00C04F79EFBC}") = "10.3", "10.3\10.3.csproj", "{AEBEF0AD-E060-438C-91DE-E7EB46CB422F}"
EndProject
Project("{FAE04EC0-301F-11D3-BF4B-00C04F79EFBC}") = "11", "11\11.csproj", "{DB653E00-4BBD-410E-9D13-13BAD8500EB1}"
EndProject
Project("{FAE04EC0-301F-11D3-BF4B-00C04F79EFBC}") = "11.1", "11.1\11.1.csproj", "{F3E467E5-AAA6-4183-8748-9103515792BA}"
EndProject
Project("{FAE04EC0-301F-11D3-BF4B-00C04F79EFBC}") = "11.2", "11.2\11.2.csproj", "{4E4F1392-CB37-4534-91C7-91F709FB4E8C}"
EndProject
Project("{FAE04EC0-301F-11D3-BF4B-00C04F79EFBC}") = "11.3", "11.3\11.3.csproj", "{CE95AC04-8A44-4867-91C2-6CAC54192FAA}"
EndProject
Project("{FAE04EC0-301F-11D3-BF4B-00C04F79EFBC}") = "12", "12\12.csproj", "{59D1BA4D-E965-4995-8290-A2040984DDC1}"
EndProject
Project("{FAE04EC0-301F-11D3-BF4B-00C04F79EFBC}") = "12.1", "12.1\12.1.csproj", "{37929F4F-57A5-4F3E-AE6B-4C1C6E401559}"
EndProject
Project("{FAE04EC0-301F-11D3-BF4B-00C04F79EFBC}") = "12.2", "12.2\12.2.csproj", "{4B126E6C-6918-4FF9-B405-86D5F57043E2}"
EndProject
Project("{FAE04EC0-301F-11D3-BF4B-00C04F79EFBC}") = "12.3", "12.3\12.3.csproj", "{9CCD53F3-EFDF-44A7-BDC7-9719B5E229A9}"
EndProject
Global
	GlobalSection(SolutionConfigurationPlatforms) = preSolution
		Debug|Any CPU = Debug|Any CPU
		Release|Any CPU = Release|Any CPU
	EndGlobalSection
	GlobalSection(ProjectConfigurationPlatforms) = postSolution
		{696F5F1A-9A93-4826-8F19-BA3C99D89413}.Debug|Any CPU.ActiveCfg = Debug|Any CPU
		{696F5F1A-9A93-4826-8F19-BA3C99D89413}.Debug|Any CPU.Build.0 = Debug|Any CPU
		{696F5F1A-9A93-4826-8F19-BA3C99D89413}.Release|Any CPU.ActiveCfg = Release|Any CPU
		{696F5F1A-9A93-4826-8F19-BA3C99D89413}.Release|Any CPU.Build.0 = Release|Any CPU
		{273A4DF3-859F-4C86-826A-4EEC8BE10BFC}.Debug|Any CPU.ActiveCfg = Debug|Any CPU
		{273A4DF3-859F-4C86-826A-4EEC8BE10BFC}.Debug|Any CPU.Build.0 = Debug|Any CPU
		{273A4DF3-859F-4C86-826A-4EEC8BE10BFC}.Release|Any CPU.ActiveCfg = Release|Any CPU
		{273A4DF3-859F-4C86-826A-4EEC8BE10BFC}.Release|Any CPU.Build.0 = Release|Any CPU
		{80F445BB-4C35-426A-B36E-3DEB5C80A1BB}.Debug|Any CPU.ActiveCfg = Debug|Any CPU
		{80F445BB-4C35-426A-B36E-3DEB5C80A1BB}.Debug|Any CPU.Build.0 = Debug|Any CPU
		{80F445BB-4C35-426A-B36E-3DEB5C80A1BB}.Release|Any CPU.ActiveCfg = Release|Any CPU
		{80F445BB-4C35-426A-B36E-3DEB5C80A1BB}.Release|Any CPU.Build.0 = Release|Any CPU
		{ADD45A6A-955D-4FFD-ACD7-2D1B48DE2343}.Debug|Any CPU.ActiveCfg = Debug|Any CPU
		{ADD45A6A-955D-4FFD-ACD7-2D1B48DE2343}.Debug|Any CPU.Build.0 = Debug|Any CPU
		{ADD45A6A-955D-4FFD-ACD7-2D1B48DE2343}.Release|Any CPU.ActiveCfg = Release|Any CPU
		{ADD45A6A-955D-4FFD-ACD7-2D1B48DE2343}.Release|Any CPU.Build.0 = Release|Any CPU
		{F2829E15-CBAA-45E1-BFFE-2AC349C4355E}.Debug|Any CPU.ActiveCfg = Debug|Any CPU
		{F2829E15-CBAA-45E1-BFFE-2AC349C4355E}.Debug|Any CPU.Build.0 = Debug|Any CPU
		{F2829E15-CBAA-45E1-BFFE-2AC349C4355E}.Release|Any CPU.ActiveCfg = Release|Any CPU
		{F2829E15-CBAA-45E1-BFFE-2AC349C4355E}.Release|Any CPU.Build.0 = Release|Any CPU
		{C7F81EEF-4E6F-4E1A-AEA5-64DAC6EE6782}.Debug|Any CPU.ActiveCfg = Debug|Any CPU
		{C7F81EEF-4E6F-4E1A-AEA5-64DAC6EE6782}.Debug|Any CPU.Build.0 = Debug|Any CPU
		{C7F81EEF-4E6F-4E1A-AEA5-64DAC6EE6782}.Release|Any CPU.ActiveCfg = Release|Any CPU
		{C7F81EEF-4E6F-4E1A-AEA5-64DAC6EE6782}.Release|Any CPU.Build.0 = Release|Any CPU
		{C0F46992-4C0A-42A3-B77E-22F7184C5E09}.Debug|Any CPU.ActiveCfg = Debug|Any CPU
		{C0F46992-4C0A-42A3-B77E-22F7184C5E09}.Debug|Any CPU.Build.0 = Debug|Any CPU
		{C0F46992-4C0A-42A3-B77E-22F7184C5E09}.Release|Any CPU.ActiveCfg = Release|Any CPU
		{C0F46992-4C0A-42A3-B77E-22F7184C5E09}.Release|Any CPU.Build.0 = Release|Any CPU
		{48E71217-FD3A-47BB-BCB7-9E816EC3AAA0}.Debug|Any CPU.ActiveCfg = Debug|Any CPU
		{48E71217-FD3A-47BB-BCB7-9E816EC3AAA0}.Debug|Any CPU.Build.0 = Debug|Any CPU
		{48E71217-FD3A-47BB-BCB7-9E816EC3AAA0}.Release|Any CPU.ActiveCfg = Release|Any CPU
		{48E71217-FD3A-47BB-BCB7-9E816EC3AAA0}.Release|Any CPU.Build.0 = Release|Any CPU
		{8757EABB-D3D8-44BE-9AE3-04C88149C9EA}.Debug|Any CPU.ActiveCfg = Debug|Any CPU
		{8757EABB-D3D8-44BE-9AE3-04C88149C9EA}.Debug|Any CPU.Build.0 = Debug|Any CPU
		{8757EABB-D3D8-44BE-9AE3-04C88149C9EA}.Release|Any CPU.ActiveCfg = Release|Any CPU
		{8757EABB-D3D8-44BE-9AE3-04C88149C9EA}.Release|Any CPU.Build.0 = Release|Any CPU
		{0E810C8E-344B-4D1F-87CB-76BE2A0D696A}.Debug|Any CPU.ActiveCfg = Debug|Any CPU
		{0E810C8E-344B-4D1F-87CB-76BE2A0D696A}.Debug|Any CPU.Build.0 = Debug|Any CPU
		{0E810C8E-344B-4D1F-87CB-76BE2A0D696A}.Release|Any CPU.ActiveCfg = Release|Any CPU
		{0E810C8E-344B-4D1F-87CB-76BE2A0D696A}.Release|Any CPU.Build.0 = Release|Any CPU
		{BD429609-3B92-4DCB-8789-EDB219E6A25E}.Debug|Any CPU.ActiveCfg = Debug|Any CPU
		{BD429609-3B92-4DCB-8789-EDB219E6A25E}.Debug|Any CPU.Build.0 = Debug|Any CPU
		{BD429609-3B92-4DCB-8789-EDB219E6A25E}.Release|Any CPU.ActiveCfg = Release|Any CPU
		{BD429609-3B92-4DCB-8789-EDB219E6A25E}.Release|Any CPU.Build.0 = Release|Any CPU
		{1FDC2122-8884-4150-964B-ED2242B4BAB3}.Debug|Any CPU.ActiveCfg = Debug|Any CPU
		{1FDC2122-8884-4150-964B-ED2242B4BAB3}.Debug|Any CPU.Build.0 = Debug|Any CPU
		{1FDC2122-8884-4150-964B-ED2242B4BAB3}.Release|Any CPU.ActiveCfg = Release|Any CPU
		{1FDC2122-8884-4150-964B-ED2242B4BAB3}.Release|Any CPU.Build.0 = Release|Any CPU
		{4792D4ED-8E0C-498E-821B-DA06A157F29F}.Debug|Any CPU.ActiveCfg = Debug|Any CPU
		{4792D4ED-8E0C-498E-821B-DA06A157F29F}.Debug|Any CPU.Build.0 = Debug|Any CPU
		{4792D4ED-8E0C-498E-821B-DA06A157F29F}.Release|Any CPU.ActiveCfg = Release|Any CPU
		{4792D4ED-8E0C-498E-821B-DA06A157F29F}.Release|Any CPU.Build.0 = Release|Any CPU
		{B86B3AA9-A65A-4E30-AC87-C2B9862882E6}.Debug|Any CPU.ActiveCfg = Debug|Any CPU
		{B86B3AA9-A65A-4E30-AC87-C2B9862882E6}.Debug|Any CPU.Build.0 = Debug|Any CPU
		{B86B3AA9-A65A-4E30-AC87-C2B9862882E6}.Release|Any CPU.ActiveCfg = Release|Any CPU
		{B86B3AA9-A65A-4E30-AC87-C2B9862882E6}.Release|Any CPU.Build.0 = Release|Any CPU
		{138BA77D-9A3D-4FD0-8587-F48C275EAD92}.Debug|Any CPU.ActiveCfg = Debug|Any CPU
		{138BA77D-9A3D-4FD0-8587-F48C275EAD92}.Debug|Any CPU.Build.0 = Debug|Any CPU
		{138BA77D-9A3D-4FD0-8587-F48C275EAD92}.Release|Any CPU.ActiveCfg = Release|Any CPU
		{138BA77D-9A3D-4FD0-8587-F48C275EAD92}.Release|Any CPU.Build.0 = Release|Any CPU
		{20FDE8B2-17E2-46EB-A9B9-091377136AA8}.Debug|Any CPU.ActiveCfg = Debug|Any CPU
		{20FDE8B2-17E2-46EB-A9B9-091377136AA8}.Debug|Any CPU.Build.0 = Debug|Any CPU
		{20FDE8B2-17E2-46EB-A9B9-091377136AA8}.Release|Any CPU.ActiveCfg = Release|Any CPU
		{20FDE8B2-17E2-46EB-A9B9-091377136AA8}.Release|Any CPU.Build.0 = Release|Any CPU
		{4B7F555A-8CF7-4F74-B2AA-7A2F413D51AF}.Debug|Any CPU.ActiveCfg = Debug|Any CPU
		{4B7F555A-8CF7-4F74-B2AA-7A2F413D51AF}.Debug|Any CPU.Build.0 = Debug|Any CPU
		{4B7F555A-8CF7-4F74-B2AA-7A2F413D51AF}.Release|Any CPU.ActiveCfg = Release|Any CPU
		{4B7F555A-8CF7-4F74-B2AA-7A2F413D51AF}.Release|Any CPU.Build.0 = Release|Any CPU
		{F310AC8D-6D3A-4CE8-A99F-DEABB42C60CB}.Debug|Any CPU.ActiveCfg = Debug|Any CPU
		{F310AC8D-6D3A-4CE8-A99F-DEABB42C60CB}.Debug|Any CPU.Build.0 = Debug|Any CPU
		{F310AC8D-6D3A-4CE8-A99F-DEABB42C60CB}.Release|Any CPU.ActiveCfg = Release|Any CPU
		{F310AC8D-6D3A-4CE8-A99F-DEABB42C60CB}.Release|Any CPU.Build.0 = Release|Any CPU
		{9246F825-EF04-4B2F-AE1C-3FE0FBFEB208}.Debug|Any CPU.ActiveCfg = Debug|Any CPU
		{9246F825-EF04-4B2F-AE1C-3FE0FBFEB208}.Debug|Any CPU.Build.0 = Debug|Any CPU
		{9246F825-EF04-4B2F-AE1C-3FE0FBFEB208}.Release|Any CPU.ActiveCfg = Release|Any CPU
		{9246F825-EF04-4B2F-AE1C-3FE0FBFEB208}.Release|Any CPU.Build.0 = Release|Any CPU
		{AEBEF0AD-E060-438C-91DE-E7EB46CB422F}.Debug|Any CPU.ActiveCfg = Debug|Any CPU
		{AEBEF0AD-E060-438C-91DE-E7EB46CB422F}.Debug|Any CPU.Build.0 = Debug|Any CPU
		{AEBEF0AD-E060-438C-91DE-E7EB46CB422F}.Release|Any CPU.ActiveCfg = Release|Any CPU
		{AEBEF0AD-E060-438C-91DE-E7EB46CB422F}.Release|Any CPU.Build.0 = Release|Any CPU
		{DB653E00-4BBD-410E-9D13-13BAD8500EB1}.Debug|Any CPU.ActiveCfg = Debug|Any CPU
		{DB653E00-4BBD-410E-9D13-13BAD8500EB1}.Debug|Any CPU.Build.0 = Debug|Any CPU
		{DB653E00-4BBD-410E-9D13-13BAD8500EB1}.Release|Any CPU.ActiveCfg = Release|Any CPU
		{DB653E00-4BBD-410E-9D13-13BAD8500EB1}.Release|Any CPU.Build.0 = Release|Any CPU
		{F3E467E5-AAA6-4183-8748-9103515792BA}.Debug|Any CPU.ActiveCfg = Debug|Any CPU
		{F3E467E5-AAA6-4183-8748-9103515792BA}.Debug|Any CPU.Build.0 = Debug|Any CPU
		{F3E467E5-AAA6-4183-8748-9103515792BA}.Release|Any CPU.ActiveCfg = Release|Any CPU
		{F3E467E5-AAA6-4183-8748-9103515792BA}.Release|Any CPU.Build.0 = Release|Any CPU
		{4E4F1392-CB37-4534-91C7-91F709FB4E8C}.Debug|Any CPU.ActiveCfg = Debug|Any CPU
		{4E4F1392-CB37-4534-91C7-91F709FB4E8C}.Debug|Any CPU.Build.0 = Debug|Any CPU
		{4E4F1392-CB37-4534-91C7-91F709FB4E8C}.Release|Any CPU.ActiveCfg = Release|Any CPU
		{4E4F1392-CB37-4534-91C7-91F709FB4E8C}.Release|Any CPU.Build.0 = Release|Any CPU
		{CE95AC04-8A44-4867-91C2-6CAC54192FAA}.Debug|Any CPU.ActiveCfg = Debug|Any CPU
		{CE95AC04-8A44-4867-91C2-6CAC54192FAA}.Debug|Any CPU.Build.0 = Debug|Any CPU
		{CE95AC04-8A44-4867-91C2-6CAC54192FAA}.Release|Any CPU.ActiveCfg = Release|Any CPU
		{CE95AC04-8A44-4867-91C2-6CAC54192FAA}.Release|Any CPU.Build.0 = Release|Any CPU
		{59D1BA4D-E965-4995-8290-A2040984DDC1}.Debug|Any CPU.ActiveCfg = Debug|Any CPU
		{59D1BA4D-E965-4995-8290-A2040984DDC1}.Debug|Any CPU.Build.0 = Debug|Any CPU
		{59D1BA4D-E965-4995-8290-A2040984DDC1}.Release|Any CPU.ActiveCfg = Release|Any CPU
		{59D1BA4D-E965-4995-8290-A2040984DDC1}.Release|Any CPU.Build.0 = Release|Any CPU
		{37929F4F-57A5-4F3E-AE6B-4C1C6E401559}.Debug|Any CPU.ActiveCfg = Debug|Any CPU
		{37929F4F-57A5-4F3E-AE6B-4C1C6E401559}.Debug|Any CPU.Build.0 = Debug|Any CPU
		{37929F4F-57A5-4F3E-AE6B-4C1C6E401559}.Release|Any CPU.ActiveCfg = Release|Any CPU
		{37929F4F-57A5-4F3E-AE6B-4C1C6E401559}.Release|Any CPU.Build.0 = Release|Any CPU
		{4B126E6C-6918-4FF9-B405-86D5F57043E2}.Debug|Any CPU.ActiveCfg = Debug|Any CPU
		{4B126E6C-6918-4FF9-B405-86D5F57043E2}.Debug|Any CPU.Build.0 = Debug|Any CPU
		{4B126E6C-6918-4FF9-B405-86D5F57043E2}.Release|Any CPU.ActiveCfg = Release|Any CPU
		{4B126E6C-6918-4FF9-B405-86D5F57043E2}.Release|Any CPU.Build.0 = Release|Any CPU
		{9CCD53F3-EFDF-44A7-BDC7-9719B5E229A9}.Debug|Any CPU.ActiveCfg = Debug|Any CPU
		{9CCD53F3-EFDF-44A7-BDC7-9719B5E229A9}.Debug|Any CPU.Build.0 = Debug|Any CPU
		{9CCD53F3-EFDF-44A7-BDC7-9719B5E229A9}.Release|Any CPU.ActiveCfg = Release|Any CPU
		{9CCD53F3-EFDF-44A7-BDC7-9719B5E229A9}.Release|Any CPU.Build.0 = Release|Any CPU
	EndGlobalSection
	GlobalSection(SolutionProperties) = preSolution
		HideSolutionNode = FALSE
	EndGlobalSection
	GlobalSection(ExtensibilityGlobals) = postSolution
		SolutionGuid = {B739F100-976B-42A7-A94F-CB0E07C74771}
	EndGlobalSection
EndGlobal
